
Microsoft Visual Studio Solution File, Format Version 12.00
# Visual Studio Version 17
VisualStudioVersion = 17.8.34309.116
MinimumVisualStudioVersion = 10.0.40219.1
Project("{FAE04EC0-301F-11D3-BF4B-00C04F79EFBC}") = "Manero.Shared", "Manero.Shared\Manero.Shared.csproj", "{29EF4668-2ED0-4F2C-B4BE-D16FDD47245D}"
EndProject
Project("{FAE04EC0-301F-11D3-BF4B-00C04F79EFBC}") = "Manero.ConsoleApp", "Manero.ConsoleApp\Manero.ConsoleApp.csproj", "{F16E2E3C-C51C-4D5B-BFE2-7C67EEDF369D}"
EndProject
Project("{FAE04EC0-301F-11D3-BF4B-00C04F79EFBC}") = "Manero_Test", "Manero_Test\Manero_Test.csproj", "{768555B7-E22F-437D-A0CC-F25D64C83CFE}"
EndProject
Global
	GlobalSection(SolutionConfigurationPlatforms) = preSolution
		Debug|Any CPU = Debug|Any CPU
		Release|Any CPU = Release|Any CPU
	EndGlobalSection
	GlobalSection(ProjectConfigurationPlatforms) = postSolution
		{29EF4668-2ED0-4F2C-B4BE-D16FDD47245D}.Debug|Any CPU.ActiveCfg = Debug|Any CPU
		{29EF4668-2ED0-4F2C-B4BE-D16FDD47245D}.Debug|Any CPU.Build.0 = Debug|Any CPU
		{29EF4668-2ED0-4F2C-B4BE-D16FDD47245D}.Release|Any CPU.ActiveCfg = Release|Any CPU
		{29EF4668-2ED0-4F2C-B4BE-D16FDD47245D}.Release|Any CPU.Build.0 = Release|Any CPU
		{F16E2E3C-C51C-4D5B-BFE2-7C67EEDF369D}.Debug|Any CPU.ActiveCfg = Debug|Any CPU
		{F16E2E3C-C51C-4D5B-BFE2-7C67EEDF369D}.Debug|Any CPU.Build.0 = Debug|Any CPU
		{F16E2E3C-C51C-4D5B-BFE2-7C67EEDF369D}.Release|Any CPU.ActiveCfg = Release|Any CPU
		{F16E2E3C-C51C-4D5B-BFE2-7C67EEDF369D}.Release|Any CPU.Build.0 = Release|Any CPU
		{768555B7-E22F-437D-A0CC-F25D64C83CFE}.Debug|Any CPU.ActiveCfg = Debug|Any CPU
		{768555B7-E22F-437D-A0CC-F25D64C83CFE}.Debug|Any CPU.Build.0 = Debug|Any CPU
		{768555B7-E22F-437D-A0CC-F25D64C83CFE}.Release|Any CPU.ActiveCfg = Release|Any CPU
		{768555B7-E22F-437D-A0CC-F25D64C83CFE}.Release|Any CPU.Build.0 = Release|Any CPU
	EndGlobalSection
	GlobalSection(SolutionProperties) = preSolution
		HideSolutionNode = FALSE
	EndGlobalSection
	GlobalSection(ExtensibilityGlobals) = postSolution
		SolutionGuid = {F72B7B3E-F0E6-4C68-8C35-918BC551967A}
	EndGlobalSection
EndGlobal
